
Microsoft Visual Studio Solution File, Format Version 12.00
# Visual Studio 15
VisualStudioVersion = 15.0.27703.2026
MinimumVisualStudioVersion = 10.0.40219.1
Project("{FAE04EC0-301F-11D3-BF4B-00C04F79EFBC}") = "AllocationGenerator", "AllocationGenerator\AllocationGenerator.csproj", "{1FFF973F-3708-45F3-A5DD-99EDBE65EB87}"
EndProject
Global
	GlobalSection(SolutionConfigurationPlatforms) = preSolution
		Debug|Any CPU = Debug|Any CPU
		Release|Any CPU = Release|Any CPU
	EndGlobalSection
	GlobalSection(ProjectConfigurationPlatforms) = postSolution
		{1FFF973F-3708-45F3-A5DD-99EDBE65EB87}.Debug|Any CPU.ActiveCfg = Debug|Any CPU
		{1FFF973F-3708-45F3-A5DD-99EDBE65EB87}.Debug|Any CPU.Build.0 = Debug|Any CPU
		{1FFF973F-3708-45F3-A5DD-99EDBE65EB87}.Release|Any CPU.ActiveCfg = Release|Any CPU
		{1FFF973F-3708-45F3-A5DD-99EDBE65EB87}.Release|Any CPU.Build.0 = Release|Any CPU
	EndGlobalSection
	GlobalSection(SolutionProperties) = preSolution
		HideSolutionNode = FALSE
	EndGlobalSection
	GlobalSection(ExtensibilityGlobals) = postSolution
		SolutionGuid = {706EAB7A-BD67-47F0-B6B5-8DB9D9C68FE1}
	EndGlobalSection
EndGlobal
